// !$*UTF8*$!
{
	archiveVersion = 1;
	classes = {
	};
	objectVersion = 46;
	objects = {

/* Begin PBXBuildFile section */
		C75D38EF1962A6910007B632 /* LICENSE in Resources */ = {isa = PBXBuildFile; fileRef = C75D38EE1962A6910007B632 /* LICENSE */; };
		C7728085196252C300315C42 /* Cocoa.framework in Frameworks */ = {isa = PBXBuildFile; fileRef = C7728084196252C300315C42 /* Cocoa.framework */; };
		C772808F196252C300315C42 /* InfoPlist.strings in Resources */ = {isa = PBXBuildFile; fileRef = C772808D196252C300315C42 /* InfoPlist.strings */; };
		C7728091196252C300315C42 /* main.m in Sources */ = {isa = PBXBuildFile; fileRef = C7728090196252C300315C42 /* main.m */; };
		C7728095196252C300315C42 /* Credits.rtf in Resources */ = {isa = PBXBuildFile; fileRef = C7728093196252C300315C42 /* Credits.rtf */; };
		C77280A4196252C300315C42 /* XCTest.framework in Frameworks */ = {isa = PBXBuildFile; fileRef = C77280A3196252C300315C42 /* XCTest.framework */; };
		C77280A5196252C300315C42 /* Cocoa.framework in Frameworks */ = {isa = PBXBuildFile; fileRef = C7728084196252C300315C42 /* Cocoa.framework */; };
		C77280AD196252C300315C42 /* InfoPlist.strings in Resources */ = {isa = PBXBuildFile; fileRef = C77280AB196252C300315C42 /* InfoPlist.strings */; };
		C77280AF196252C300315C42 /* AutoUpdaterTests.m in Sources */ = {isa = PBXBuildFile; fileRef = C77280AE196252C300315C42 /* AutoUpdaterTests.m */; };
		C77280BA1962555B00315C42 /* AUTerminationObserver.m in Sources */ = {isa = PBXBuildFile; fileRef = C77280B91962555B00315C42 /* AUTerminationObserver.m */; };
		C77280BD196262B000315C42 /* AUInstaller.m in Sources */ = {isa = PBXBuildFile; fileRef = C77280BC196262B000315C42 /* AUInstaller.m */; };
/* End PBXBuildFile section */

/* Begin PBXContainerItemProxy section */
		C77280A6196252C300315C42 /* PBXContainerItemProxy */ = {
			isa = PBXContainerItemProxy;
			containerPortal = C7728079196252C300315C42 /* Project object */;
			proxyType = 1;
			remoteGlobalIDString = C7728080196252C300315C42;
			remoteInfo = AutoUpdater;
		};
/* End PBXContainerItemProxy section */

/* Begin PBXFileReference section */
		C75D38EE1962A6910007B632 /* LICENSE */ = {isa = PBXFileReference; fileEncoding = 4; lastKnownFileType = text; path = LICENSE; sourceTree = SOURCE_ROOT; };
		C7728081196252C300315C42 /* AutoUpdater.app */ = {isa = PBXFileReference; explicitFileType = wrapper.application; includeInIndex = 0; path = AutoUpdater.app; sourceTree = BUILT_PRODUCTS_DIR; };
		C7728084196252C300315C42 /* Cocoa.framework */ = {isa = PBXFileReference; lastKnownFileType = wrapper.framework; name = Cocoa.framework; path = System/Library/Frameworks/Cocoa.framework; sourceTree = SDKROOT; };
		C7728087196252C300315C42 /* AppKit.framework */ = {isa = PBXFileReference; lastKnownFileType = wrapper.framework; name = AppKit.framework; path = System/Library/Frameworks/AppKit.framework; sourceTree = SDKROOT; };
		C7728088196252C300315C42 /* CoreData.framework */ = {isa = PBXFileReference; lastKnownFileType = wrapper.framework; name = CoreData.framework; path = System/Library/Frameworks/CoreData.framework; sourceTree = SDKROOT; };
		C7728089196252C300315C42 /* Foundation.framework */ = {isa = PBXFileReference; lastKnownFileType = wrapper.framework; name = Foundation.framework; path = System/Library/Frameworks/Foundation.framework; sourceTree = SDKROOT; };
		C772808C196252C300315C42 /* AutoUpdater-Info.plist */ = {isa = PBXFileReference; lastKnownFileType = text.plist.xml; path = "AutoUpdater-Info.plist"; sourceTree = "<group>"; };
		C772808E196252C300315C42 /* en */ = {isa = PBXFileReference; lastKnownFileType = text.plist.strings; name = en; path = en.lproj/InfoPlist.strings; sourceTree = "<group>"; };
		C7728090196252C300315C42 /* main.m */ = {isa = PBXFileReference; lastKnownFileType = sourcecode.c.objc; path = main.m; sourceTree = "<group>"; };
		C7728092196252C300315C42 /* AutoUpdater-Prefix.pch */ = {isa = PBXFileReference; lastKnownFileType = sourcecode.c.h; path = "AutoUpdater-Prefix.pch"; sourceTree = "<group>"; };
		C7728094196252C300315C42 /* en */ = {isa = PBXFileReference; lastKnownFileType = text.rtf; name = en; path = en.lproj/Credits.rtf; sourceTree = "<group>"; };
		C77280A2196252C300315C42 /* AutoUpdaterTests.xctest */ = {isa = PBXFileReference; explicitFileType = wrapper.cfbundle; includeInIndex = 0; path = AutoUpdaterTests.xctest; sourceTree = BUILT_PRODUCTS_DIR; };
		C77280A3196252C300315C42 /* XCTest.framework */ = {isa = PBXFileReference; lastKnownFileType = wrapper.framework; name = XCTest.framework; path = Library/Frameworks/XCTest.framework; sourceTree = DEVELOPER_DIR; };
		C77280AA196252C300315C42 /* AutoUpdaterTests-Info.plist */ = {isa = PBXFileReference; lastKnownFileType = text.plist.xml; path = "AutoUpdaterTests-Info.plist"; sourceTree = "<group>"; };
		C77280AC196252C300315C42 /* en */ = {isa = PBXFileReference; lastKnownFileType = text.plist.strings; name = en; path = en.lproj/InfoPlist.strings; sourceTree = "<group>"; };
		C77280AE196252C300315C42 /* AutoUpdaterTests.m */ = {isa = PBXFileReference; lastKnownFileType = sourcecode.c.objc; path = AutoUpdaterTests.m; sourceTree = "<group>"; };
		C77280B81962555B00315C42 /* AUTerminationObserver.h */ = {isa = PBXFileReference; fileEncoding = 4; lastKnownFileType = sourcecode.c.h; path = AUTerminationObserver.h; sourceTree = "<group>"; };
		C77280B91962555B00315C42 /* AUTerminationObserver.m */ = {isa = PBXFileReference; fileEncoding = 4; lastKnownFileType = sourcecode.c.objc; path = AUTerminationObserver.m; sourceTree = "<group>"; };
		C77280BB196262B000315C42 /* AUInstaller.h */ = {isa = PBXFileReference; fileEncoding = 4; lastKnownFileType = sourcecode.c.h; path = AUInstaller.h; sourceTree = "<group>"; };
		C77280BC196262B000315C42 /* AUInstaller.m */ = {isa = PBXFileReference; fileEncoding = 4; lastKnownFileType = sourcecode.c.objc; path = AUInstaller.m; sourceTree = "<group>"; };
/* End PBXFileReference section */

/* Begin PBXFrameworksBuildPhase section */
		C772807E196252C300315C42 /* Frameworks */ = {
			isa = PBXFrameworksBuildPhase;
			buildActionMask = 2147483647;
			files = (
				C7728085196252C300315C42 /* Cocoa.framework in Frameworks */,
			);
			runOnlyForDeploymentPostprocessing = 0;
		};
		C772809F196252C300315C42 /* Frameworks */ = {
			isa = PBXFrameworksBuildPhase;
			buildActionMask = 2147483647;
			files = (
				C77280A5196252C300315C42 /* Cocoa.framework in Frameworks */,
				C77280A4196252C300315C42 /* XCTest.framework in Frameworks */,
			);
			runOnlyForDeploymentPostprocessing = 0;
		};
/* End PBXFrameworksBuildPhase section */

/* Begin PBXGroup section */
		C7728078196252C300315C42 = {
			isa = PBXGroup;
			children = (
				C772808A196252C300315C42 /* AutoUpdater */,
				C77280A8196252C300315C42 /* AutoUpdaterTests */,
				C7728083196252C300315C42 /* Frameworks */,
				C7728082196252C300315C42 /* Products */,
			);
			sourceTree = "<group>";
		};
		C7728082196252C300315C42 /* Products */ = {
			isa = PBXGroup;
			children = (
				C7728081196252C300315C42 /* AutoUpdater.app */,
				C77280A2196252C300315C42 /* AutoUpdaterTests.xctest */,
			);
			name = Products;
			sourceTree = "<group>";
		};
		C7728083196252C300315C42 /* Frameworks */ = {
			isa = PBXGroup;
			children = (
				C7728084196252C300315C42 /* Cocoa.framework */,
				C77280A3196252C300315C42 /* XCTest.framework */,
				C7728086196252C300315C42 /* Other Frameworks */,
			);
			name = Frameworks;
			sourceTree = "<group>";
		};
		C7728086196252C300315C42 /* Other Frameworks */ = {
			isa = PBXGroup;
			children = (
				C7728087196252C300315C42 /* AppKit.framework */,
				C7728088196252C300315C42 /* CoreData.framework */,
				C7728089196252C300315C42 /* Foundation.framework */,
			);
			name = "Other Frameworks";
			sourceTree = "<group>";
		};
		C772808A196252C300315C42 /* AutoUpdater */ = {
			isa = PBXGroup;
			children = (
				C772808B196252C300315C42 /* Supporting Files */,
				C77280B81962555B00315C42 /* AUTerminationObserver.h */,
				C77280B91962555B00315C42 /* AUTerminationObserver.m */,
				C77280BB196262B000315C42 /* AUInstaller.h */,
				C77280BC196262B000315C42 /* AUInstaller.m */,
				C7728090196252C300315C42 /* main.m */,
			);
			path = AutoUpdater;
			sourceTree = "<group>";
		};
		C772808B196252C300315C42 /* Supporting Files */ = {
			isa = PBXGroup;
			children = (
				C772808C196252C300315C42 /* AutoUpdater-Info.plist */,
				C772808D196252C300315C42 /* InfoPlist.strings */,
				C7728092196252C300315C42 /* AutoUpdater-Prefix.pch */,
				C7728093196252C300315C42 /* Credits.rtf */,
				C75D38EE1962A6910007B632 /* LICENSE */,
			);
			name = "Supporting Files";
			sourceTree = "<group>";
		};
		C77280A8196252C300315C42 /* AutoUpdaterTests */ = {
			isa = PBXGroup;
			children = (
				C77280AE196252C300315C42 /* AutoUpdaterTests.m */,
				C77280A9196252C300315C42 /* Supporting Files */,
			);
			path = AutoUpdaterTests;
			sourceTree = "<group>";
		};
		C77280A9196252C300315C42 /* Supporting Files */ = {
			isa = PBXGroup;
			children = (
				C77280AA196252C300315C42 /* AutoUpdaterTests-Info.plist */,
				C77280AB196252C300315C42 /* InfoPlist.strings */,
			);
			name = "Supporting Files";
			sourceTree = "<group>";
		};
/* End PBXGroup section */

/* Begin PBXNativeTarget section */
		C7728080196252C300315C42 /* AutoUpdater */ = {
			isa = PBXNativeTarget;
			buildConfigurationList = C77280B2196252C300315C42 /* Build configuration list for PBXNativeTarget "AutoUpdater" */;
			buildPhases = (
				C772807D196252C300315C42 /* Sources */,
				C772807E196252C300315C42 /* Frameworks */,
				C772807F196252C300315C42 /* Resources */,
			);
			buildRules = (
			);
			dependencies = (
			);
			name = AutoUpdater;
			productName = AutoUpdater;
			productReference = C7728081196252C300315C42 /* AutoUpdater.app */;
			productType = "com.apple.product-type.application";
		};
		C77280A1196252C300315C42 /* AutoUpdaterTests */ = {
			isa = PBXNativeTarget;
			buildConfigurationList = C77280B5196252C300315C42 /* Build configuration list for PBXNativeTarget "AutoUpdaterTests" */;
			buildPhases = (
				C772809E196252C300315C42 /* Sources */,
				C772809F196252C300315C42 /* Frameworks */,
				C77280A0196252C300315C42 /* Resources */,
			);
			buildRules = (
			);
			dependencies = (
				C77280A7196252C300315C42 /* PBXTargetDependency */,
			);
			name = AutoUpdaterTests;
			productName = AutoUpdaterTests;
			productReference = C77280A2196252C300315C42 /* AutoUpdaterTests.xctest */;
			productType = "com.apple.product-type.bundle.unit-test";
		};
/* End PBXNativeTarget section */

/* Begin PBXProject section */
		C7728079196252C300315C42 /* Project object */ = {
			isa = PBXProject;
			attributes = {
				CLASSPREFIX = AU;
				LastUpgradeCheck = 0510;
				ORGANIZATIONNAME = maaash.jp;
				TargetAttributes = {
					C77280A1196252C300315C42 = {
						TestTargetID = C7728080196252C300315C42;
					};
				};
			};
			buildConfigurationList = C772807C196252C300315C42 /* Build configuration list for PBXProject "AutoUpdater" */;
			compatibilityVersion = "Xcode 3.2";
			developmentRegion = English;
			hasScannedForEncodings = 0;
			knownRegions = (
				en,
				Base,
			);
			mainGroup = C7728078196252C300315C42;
			productRefGroup = C7728082196252C300315C42 /* Products */;
			projectDirPath = "";
			projectRoot = "";
			targets = (
				C7728080196252C300315C42 /* AutoUpdater */,
				C77280A1196252C300315C42 /* AutoUpdaterTests */,
			);
		};
/* End PBXProject section */

/* Begin PBXResourcesBuildPhase section */
		C772807F196252C300315C42 /* Resources */ = {
			isa = PBXResourcesBuildPhase;
			buildActionMask = 2147483647;
			files = (
				C75D38EF1962A6910007B632 /* LICENSE in Resources */,
				C772808F196252C300315C42 /* InfoPlist.strings in Resources */,
				C7728095196252C300315C42 /* Credits.rtf in Resources */,
			);
			runOnlyForDeploymentPostprocessing = 0;
		};
		C77280A0196252C300315C42 /* Resources */ = {
			isa = PBXResourcesBuildPhase;
			buildActionMask = 2147483647;
			files = (
				C77280AD196252C300315C42 /* InfoPlist.strings in Resources */,
			);
			runOnlyForDeploymentPostprocessing = 0;
		};
/* End PBXResourcesBuildPhase section */

/* Begin PBXSourcesBuildPhase section */
		C772807D196252C300315C42 /* Sources */ = {
			isa = PBXSourcesBuildPhase;
			buildActionMask = 2147483647;
			files = (
				C77280BA1962555B00315C42 /* AUTerminationObserver.m in Sources */,
				C77280BD196262B000315C42 /* AUInstaller.m in Sources */,
				C7728091196252C300315C42 /* main.m in Sources */,
			);
			runOnlyForDeploymentPostprocessing = 0;
		};
		C772809E196252C300315C42 /* Sources */ = {
			isa = PBXSourcesBuildPhase;
			buildActionMask = 2147483647;
			files = (
				C77280AF196252C300315C42 /* AutoUpdaterTests.m in Sources */,
			);
			runOnlyForDeploymentPostprocessing = 0;
		};
/* End PBXSourcesBuildPhase section */

/* Begin PBXTargetDependency section */
		C77280A7196252C300315C42 /* PBXTargetDependency */ = {
			isa = PBXTargetDependency;
			target = C7728080196252C300315C42 /* AutoUpdater */;
			targetProxy = C77280A6196252C300315C42 /* PBXContainerItemProxy */;
		};
/* End PBXTargetDependency section */

/* Begin PBXVariantGroup section */
		C772808D196252C300315C42 /* InfoPlist.strings */ = {
			isa = PBXVariantGroup;
			children = (
				C772808E196252C300315C42 /* en */,
			);
			name = InfoPlist.strings;
			sourceTree = "<group>";
		};
		C7728093196252C300315C42 /* Credits.rtf */ = {
			isa = PBXVariantGroup;
			children = (
				C7728094196252C300315C42 /* en */,
			);
			name = Credits.rtf;
			sourceTree = "<group>";
		};
		C77280AB196252C300315C42 /* InfoPlist.strings */ = {
			isa = PBXVariantGroup;
			children = (
				C77280AC196252C300315C42 /* en */,
			);
			name = InfoPlist.strings;
			sourceTree = "<group>";
		};
/* End PBXVariantGroup section */

/* Begin XCBuildConfiguration section */
		C77280B0196252C300315C42 /* Debug */ = {
			isa = XCBuildConfiguration;
			buildSettings = {
				ALWAYS_SEARCH_USER_PATHS = NO;
				CLANG_CXX_LANGUAGE_STANDARD = "gnu++0x";
				CLANG_CXX_LIBRARY = "libc++";
				CLANG_ENABLE_MODULES = YES;
				CLANG_ENABLE_OBJC_ARC = YES;
				CLANG_WARN_BOOL_CONVERSION = YES;
				CLANG_WARN_CONSTANT_CONVERSION = YES;
				CLANG_WARN_DIRECT_OBJC_ISA_USAGE = YES_ERROR;
				CLANG_WARN_EMPTY_BODY = YES;
				CLANG_WARN_ENUM_CONVERSION = YES;
				CLANG_WARN_INT_CONVERSION = YES;
				CLANG_WARN_OBJC_ROOT_CLASS = YES_ERROR;
				CLANG_WARN__DUPLICATE_METHOD_MATCH = YES;
				COPY_PHASE_STRIP = NO;
				GCC_C_LANGUAGE_STANDARD = gnu99;
				GCC_DYNAMIC_NO_PIC = NO;
				GCC_ENABLE_OBJC_EXCEPTIONS = YES;
				GCC_OPTIMIZATION_LEVEL = 0;
				GCC_PREPROCESSOR_DEFINITIONS = (
					"DEBUG=1",
					"$(inherited)",
				);
				GCC_SYMBOLS_PRIVATE_EXTERN = NO;
				GCC_WARN_64_TO_32_BIT_CONVERSION = YES;
				GCC_WARN_ABOUT_RETURN_TYPE = YES_ERROR;
				GCC_WARN_UNDECLARED_SELECTOR = YES;
				GCC_WARN_UNINITIALIZED_AUTOS = YES_AGGRESSIVE;
				GCC_WARN_UNUSED_FUNCTION = YES;
				GCC_WARN_UNUSED_VARIABLE = YES;
				MACOSX_DEPLOYMENT_TARGET = 10.9;
				ONLY_ACTIVE_ARCH = YES;
				SDKROOT = macosx;
			};
			name = Debug;
		};
		C77280B1196252C300315C42 /* Release */ = {
			isa = XCBuildConfiguration;
			buildSettings = {
				ALWAYS_SEARCH_USER_PATHS = NO;
				CLANG_CXX_LANGUAGE_STANDARD = "gnu++0x";
				CLANG_CXX_LIBRARY = "libc++";
				CLANG_ENABLE_MODULES = YES;
				CLANG_ENABLE_OBJC_ARC = YES;
				CLANG_WARN_BOOL_CONVERSION = YES;
				CLANG_WARN_CONSTANT_CONVERSION = YES;
				CLANG_WARN_DIRECT_OBJC_ISA_USAGE = YES_ERROR;
				CLANG_WARN_EMPTY_BODY = YES;
				CLANG_WARN_ENUM_CONVERSION = YES;
				CLANG_WARN_INT_CONVERSION = YES;
				CLANG_WARN_OBJC_ROOT_CLASS = YES_ERROR;
				CLANG_WARN__DUPLICATE_METHOD_MATCH = YES;
				COPY_PHASE_STRIP = YES;
				DEBUG_INFORMATION_FORMAT = "dwarf-with-dsym";
				ENABLE_NS_ASSERTIONS = NO;
				GCC_C_LANGUAGE_STANDARD = gnu99;
				GCC_ENABLE_OBJC_EXCEPTIONS = YES;
				GCC_WARN_64_TO_32_BIT_CONVERSION = YES;
				GCC_WARN_ABOUT_RETURN_TYPE = YES_ERROR;
				GCC_WARN_UNDECLARED_SELECTOR = YES;
				GCC_WARN_UNINITIALIZED_AUTOS = YES_AGGRESSIVE;
				GCC_WARN_UNUSED_FUNCTION = YES;
				GCC_WARN_UNUSED_VARIABLE = YES;
				MACOSX_DEPLOYMENT_TARGET = 10.9;
				SDKROOT = macosx;
			};
			name = Release;
		};
		C77280B3196252C300315C42 /* Debug */ = {
			isa = XCBuildConfiguration;
			buildSettings = {
				ASSETCATALOG_COMPILER_APPICON_NAME = AppIcon;
				COMBINE_HIDPI_IMAGES = YES;
				GCC_PRECOMPILE_PREFIX_HEADER = YES;
				GCC_PREFIX_HEADER = "AutoUpdater/AutoUpdater-Prefix.pch";
				INFOPLIST_FILE = "AutoUpdater/AutoUpdater-Info.plist";
				PRODUCT_NAME = "$(TARGET_NAME)";
				WRAPPER_EXTENSION = app;
			};
			name = Debug;
		};
		C77280B4196252C300315C42 /* Release */ = {
			isa = XCBuildConfiguration;
			buildSettings = {
				ASSETCATALOG_COMPILER_APPICON_NAME = AppIcon;
				COMBINE_HIDPI_IMAGES = YES;
				GCC_PRECOMPILE_PREFIX_HEADER = YES;
				GCC_PREFIX_HEADER = "AutoUpdater/AutoUpdater-Prefix.pch";
				INFOPLIST_FILE = "AutoUpdater/AutoUpdater-Info.plist";
				PRODUCT_NAME = "$(TARGET_NAME)";
				WRAPPER_EXTENSION = app;
			};
			name = Release;
		};
		C77280B6196252C300315C42 /* Debug */ = {
			isa = XCBuildConfiguration;
			buildSettings = {
				BUNDLE_LOADER = "$(BUILT_PRODUCTS_DIR)/AutoUpdater.app/Contents/MacOS/AutoUpdater";
				COMBINE_HIDPI_IMAGES = YES;
				FRAMEWORK_SEARCH_PATHS = (
					"$(DEVELOPER_FRAMEWORKS_DIR)",
					"$(inherited)",
				);
				GCC_PRECOMPILE_PREFIX_HEADER = YES;
				GCC_PREFIX_HEADER = "AutoUpdater/AutoUpdater-Prefix.pch";
				GCC_PREPROCESSOR_DEFINITIONS = (
					"DEBUG=1",
					"$(inherited)",
				);
				INFOPLIST_FILE = "AutoUpdaterTests/AutoUpdaterTests-Info.plist";
				PRODUCT_NAME = "$(TARGET_NAME)";
				TEST_HOST = "$(BUNDLE_LOADER)";
				WRAPPER_EXTENSION = xctest;
			};
			name = Debug;
		};
		C77280B7196252C300315C42 /* Release */ = {
			isa = XCBuildConfiguration;
			buildSettings = {
				BUNDLE_LOADER = "$(BUILT_PRODUCTS_DIR)/AutoUpdater.app/Contents/MacOS/AutoUpdater";
				COMBINE_HIDPI_IMAGES = YES;
				FRAMEWORK_SEARCH_PATHS = (
					"$(DEVELOPER_FRAMEWORKS_DIR)",
					"$(inherited)",
				);
				GCC_PRECOMPILE_PREFIX_HEADER = YES;
				GCC_PREFIX_HEADER = "AutoUpdater/AutoUpdater-Prefix.pch";
				INFOPLIST_FILE = "AutoUpdaterTests/AutoUpdaterTests-Info.plist";
				PRODUCT_NAME = "$(TARGET_NAME)";
				TEST_HOST = "$(BUNDLE_LOADER)";
				WRAPPER_EXTENSION = xctest;
			};
			name = Release;
		};
/* End XCBuildConfiguration section */

/* Begin XCConfigurationList section */
		C772807C196252C300315C42 /* Build configuration list for PBXProject "AutoUpdater" */ = {
			isa = XCConfigurationList;
			buildConfigurations = (
				C77280B0196252C300315C42 /* Debug */,
				C77280B1196252C300315C42 /* Release */,
			);
			defaultConfigurationIsVisible = 0;
			defaultConfigurationName = Release;
		};
		C77280B2196252C300315C42 /* Build configuration list for PBXNativeTarget "AutoUpdater" */ = {
			isa = XCConfigurationList;
			buildConfigurations = (
				C77280B3196252C300315C42 /* Debug */,
				C77280B4196252C300315C42 /* Release */,
			);
			defaultConfigurationIsVisible = 0;
			defaultConfigurationName = Release;
		};
		C77280B5196252C300315C42 /* Build configuration list for PBXNativeTarget "AutoUpdaterTests" */ = {
			isa = XCConfigurationList;
			buildConfigurations = (
				C77280B6196252C300315C42 /* Debug */,
				C77280B7196252C300315C42 /* Release */,
			);
			defaultConfigurationIsVisible = 0;
			defaultConfigurationName = Release;
		};
/* End XCConfigurationList section */
	};
	rootObject = C7728079196252C300315C42 /* Project object */;
}
