// !$*UTF8*$!
{
	archiveVersion = 1;
	classes = {
	};
	objectVersion = 46;
	objects = {

/* Begin PBXBuildFile section */
		11C9F3851196497CA0BD6036 /* libPods.a in Frameworks */ = {isa = PBXBuildFile; fileRef = 5B1EF2A37F2D4D4C81E28AF5 /* libPods.a */; };
		C70745C0191A1D3E00AA7A32 /* ILQuicksilverExtension.m in Sources */ = {isa = PBXBuildFile; fileRef = C70745BF191A1D3E00AA7A32 /* ILQuicksilverExtension.m */; };
		C71E8995189F92B7007BC9C4 /* IRSearcher.m in Sources */ = {isa = PBXBuildFile; fileRef = C71E8993189F92B7007BC9C4 /* IRSearcher.m */; };
		C71E8999189FA06C007BC9C4 /* NSFileManager+DirectoryLocations.m in Sources */ = {isa = PBXBuildFile; fileRef = C71E8997189FA06C007BC9C4 /* NSFileManager+DirectoryLocations.m */; };
		C71F8C3B189A015200298DFA /* Cocoa.framework in Frameworks */ = {isa = PBXBuildFile; fileRef = C71F8C3A189A015200298DFA /* Cocoa.framework */; };
		C71F8C45189A015200298DFA /* InfoPlist.strings in Resources */ = {isa = PBXBuildFile; fileRef = C71F8C43189A015200298DFA /* InfoPlist.strings */; };
		C71F8C47189A015200298DFA /* main.m in Sources */ = {isa = PBXBuildFile; fileRef = C71F8C46189A015200298DFA /* main.m */; };
		C71F8C4B189A015200298DFA /* Credits.rtf in Resources */ = {isa = PBXBuildFile; fileRef = C71F8C49189A015200298DFA /* Credits.rtf */; };
		C71F8C4E189A015200298DFA /* ILAppDelegate.m in Sources */ = {isa = PBXBuildFile; fileRef = C71F8C4D189A015200298DFA /* ILAppDelegate.m */; };
		C71F8C51189A015200298DFA /* MainMenu.xib in Resources */ = {isa = PBXBuildFile; fileRef = C71F8C4F189A015200298DFA /* MainMenu.xib */; };
		C71F8C53189A015200298DFA /* Images.xcassets in Resources */ = {isa = PBXBuildFile; fileRef = C71F8C52189A015200298DFA /* Images.xcassets */; };
		C71F8C5A189A015200298DFA /* XCTest.framework in Frameworks */ = {isa = PBXBuildFile; fileRef = C71F8C59189A015200298DFA /* XCTest.framework */; };
		C71F8C5B189A015200298DFA /* Cocoa.framework in Frameworks */ = {isa = PBXBuildFile; fileRef = C71F8C3A189A015200298DFA /* Cocoa.framework */; };
		C71F8C63189A015200298DFA /* InfoPlist.strings in Resources */ = {isa = PBXBuildFile; fileRef = C71F8C61189A015200298DFA /* InfoPlist.strings */; };
		C71F8C65189A015200298DFA /* IRLauncherTests.m in Sources */ = {isa = PBXBuildFile; fileRef = C71F8C64189A015200298DFA /* IRLauncherTests.m */; };
		C729A26B194080950012F40D /* NSMenuItem+StateAware.m in Sources */ = {isa = PBXBuildFile; fileRef = C729A26A194080950012F40D /* NSMenuItem+StateAware.m */; };
		C738EC001953D6F1006A7B6D /* ILStatusItem.m in Sources */ = {isa = PBXBuildFile; fileRef = C738EBFF1953D6F1006A7B6D /* ILStatusItem.m */; };
		C763F69C18ED692C00EAC927 /* Log.m in Sources */ = {isa = PBXBuildFile; fileRef = C763F69B18ED692C00EAC927 /* Log.m */; };
		C7647EB118ED5D8200171E7F /* IRPeripheral.m in Sources */ = {isa = PBXBuildFile; fileRef = C7647EAE18ED5D8200171E7F /* IRPeripheral.m */; };
		C7647EB218ED5D8200171E7F /* IRSignal.m in Sources */ = {isa = PBXBuildFile; fileRef = C7647EB018ED5D8200171E7F /* IRSignal.m */; };
		C7647EB918ED5DD000171E7F /* IRHTTPClient.m in Sources */ = {isa = PBXBuildFile; fileRef = C7647EB418ED5DD000171E7F /* IRHTTPClient.m */; };
		C7647EBA18ED5DD000171E7F /* IRKit.m in Sources */ = {isa = PBXBuildFile; fileRef = C7647EB618ED5DD000171E7F /* IRKit.m */; };
		C7647EBB18ED5DD000171E7F /* IRReachability.m in Sources */ = {isa = PBXBuildFile; fileRef = C7647EB818ED5DD000171E7F /* IRReachability.m */; };
		C764C1C719527E5B003410B6 /* MOSectionedMenu.m in Sources */ = {isa = PBXBuildFile; fileRef = C764C1C619527E5B003410B6 /* MOSectionedMenu.m */; };
		C7766FA1189A4F5300898267 /* ILVersionChecker.m in Sources */ = {isa = PBXBuildFile; fileRef = C7766FA0189A4F5300898267 /* ILVersionChecker.m */; };
		C7766FA4189A524800898267 /* ILLog.m in Sources */ = {isa = PBXBuildFile; fileRef = C7766FA3189A524800898267 /* ILLog.m */; };
		C77AFB4719528218002ED79A /* ILMenuDataSource.m in Sources */ = {isa = PBXBuildFile; fileRef = C77AFB4619528218002ED79A /* ILMenuDataSource.m */; };
		C77AFB5A1952DCD6002ED79A /* MOAnimatingStatusItem.m in Sources */ = {isa = PBXBuildFile; fileRef = C77AFB591952DCD6002ED79A /* MOAnimatingStatusItem.m */; };
		C77CC8D7194FE70800622994 /* ILSignalNameEditView.xib in Resources */ = {isa = PBXBuildFile; fileRef = C77CC8D6194FE70800622994 /* ILSignalNameEditView.xib */; };
		C781848518ED5F1F007FB4E1 /* IRHelper.m in Sources */ = {isa = PBXBuildFile; fileRef = C781847E18ED5F1F007FB4E1 /* IRHelper.m */; };
		C781848618ED5F1F007FB4E1 /* IRHTTPJSONOperation.m in Sources */ = {isa = PBXBuildFile; fileRef = C781848018ED5F1F007FB4E1 /* IRHTTPJSONOperation.m */; };
		C781848718ED5F1F007FB4E1 /* IRHTTPOperationQueue.m in Sources */ = {isa = PBXBuildFile; fileRef = C781848218ED5F1F007FB4E1 /* IRHTTPOperationQueue.m */; };
		C781848818ED5F1F007FB4E1 /* IRPeripherals.m in Sources */ = {isa = PBXBuildFile; fileRef = C781848418ED5F1F007FB4E1 /* IRPeripherals.m */; };
		C78918E0194FE89A0075C36E /* ILSignalNameEditViewController.m in Sources */ = {isa = PBXBuildFile; fileRef = C78918DF194FE89A0075C36E /* ILSignalNameEditViewController.m */; };
		C789EC9319419D7F00BC8E90 /* ILSignalReceiveView.xib in Resources */ = {isa = PBXBuildFile; fileRef = C789EC9119419D7F00BC8E90 /* ILSignalReceiveView.xib */; };
		C789EC9619419E1600BC8E90 /* ILSignalReceiveViewController.m in Sources */ = {isa = PBXBuildFile; fileRef = C789EC9519419E1600BC8E90 /* ILSignalReceiveViewController.m */; };
		C798A30E18FD3F9100C9994C /* ILFileStore.m in Sources */ = {isa = PBXBuildFile; fileRef = C798A30D18FD3F9100C9994C /* ILFileStore.m */; };
		C79AF43918FE5FA600814235 /* ILMenuProgressView.m in Sources */ = {isa = PBXBuildFile; fileRef = C79AF43818FE5FA600814235 /* ILMenuProgressView.m */; };
		C7A7ED6B192DD05E00F86AFF /* ILSender.m in Sources */ = {isa = PBXBuildFile; fileRef = C7A7ED6A192DD05E00F86AFF /* ILSender.m */; };
		C7B206A0194FF4BB001646DD /* ILLearnSignalWindowController.m in Sources */ = {isa = PBXBuildFile; fileRef = C7B2069E194FF4BB001646DD /* ILLearnSignalWindowController.m */; };
		C7B6934818EE63BA00DE7027 /* IRSignals.m in Sources */ = {isa = PBXBuildFile; fileRef = C7B6934718EE63BA00DE7027 /* IRSignals.m */; };
		C7B6934B18EE647600DE7027 /* ILSignalsDirectorySearcher.m in Sources */ = {isa = PBXBuildFile; fileRef = C7B6934A18EE647600DE7027 /* ILSignalsDirectorySearcher.m */; };
		C7B6C8C81920AB1B00C13F49 /* NSString+UUID.m in Sources */ = {isa = PBXBuildFile; fileRef = C7B6C8C71920AB1B00C13F49 /* NSString+UUID.m */; };
		C7BA33EB1954288400B9247B /* MIT-License.rtf in Resources */ = {isa = PBXBuildFile; fileRef = C7BA33E81954288400B9247B /* MIT-License.rtf */; };
		C7BA33EC1954288400B9247B /* RSVerticallyCenteredTextFieldCell.m in Sources */ = {isa = PBXBuildFile; fileRef = C7BA33EA1954288400B9247B /* RSVerticallyCenteredTextFieldCell.m */; };
		C7D218EA19598720004AD675 /* FinderInfo.dat in Resources */ = {isa = PBXBuildFile; fileRef = C7D218E819598720004AD675 /* FinderInfo.dat */; };
		C7D218EB19598720004AD675 /* ResourceFork.dat in Resources */ = {isa = PBXBuildFile; fileRef = C7D218E919598720004AD675 /* ResourceFork.dat */; };
		C7F32CB119516DED00601842 /* ILMenuProgressView.xib in Resources */ = {isa = PBXBuildFile; fileRef = C7F32CB019516DED00601842 /* ILMenuProgressView.xib */; };
		C7F6C493189A66B600A79261 /* ILUtils.m in Sources */ = {isa = PBXBuildFile; fileRef = C7F6C492189A66B600A79261 /* ILUtils.m */; };
/* End PBXBuildFile section */

/* Begin PBXContainerItemProxy section */
		C71F8C5C189A015200298DFA /* PBXContainerItemProxy */ = {
			isa = PBXContainerItemProxy;
			containerPortal = C71F8C2F189A015200298DFA /* Project object */;
			proxyType = 1;
			remoteGlobalIDString = C71F8C36189A015200298DFA;
			remoteInfo = IRLauncher;
		};
/* End PBXContainerItemProxy section */

/* Begin PBXFileReference section */
		5B1EF2A37F2D4D4C81E28AF5 /* libPods.a */ = {isa = PBXFileReference; explicitFileType = archive.ar; includeInIndex = 0; path = libPods.a; sourceTree = BUILT_PRODUCTS_DIR; };
		BB52621429724E208636A191 /* Pods.xcconfig */ = {isa = PBXFileReference; includeInIndex = 1; lastKnownFileType = text.xcconfig; name = Pods.xcconfig; path = Pods/Pods.xcconfig; sourceTree = "<group>"; };
		C70745BB191A1CAB00AA7A32 /* ILExtension.h */ = {isa = PBXFileReference; fileEncoding = 4; lastKnownFileType = sourcecode.c.h; path = ILExtension.h; sourceTree = "<group>"; };
		C70745BE191A1D3E00AA7A32 /* ILQuicksilverExtension.h */ = {isa = PBXFileReference; fileEncoding = 4; indentWidth = 4; lastKnownFileType = sourcecode.c.h; path = ILQuicksilverExtension.h; sourceTree = "<group>"; tabWidth = 4; usesTabs = 0; wrapsLines = 0; };
		C70745BF191A1D3E00AA7A32 /* ILQuicksilverExtension.m */ = {isa = PBXFileReference; fileEncoding = 4; indentWidth = 4; lastKnownFileType = sourcecode.c.objc; path = ILQuicksilverExtension.m; sourceTree = "<group>"; tabWidth = 4; usesTabs = 0; wrapsLines = 0; };
		C71E8993189F92B7007BC9C4 /* IRSearcher.m */ = {isa = PBXFileReference; fileEncoding = 4; lastKnownFileType = sourcecode.c.objc; name = IRSearcher.m; path = "../../ios-sdk/IRKit/IRKit/IRSearcher.m"; sourceTree = "<group>"; };
		C71E8994189F92B7007BC9C4 /* IRSearcher.h */ = {isa = PBXFileReference; fileEncoding = 4; lastKnownFileType = sourcecode.c.h; name = IRSearcher.h; path = "../../ios-sdk/IRKit/IRKit/IRSearcher.h"; sourceTree = "<group>"; };
		C71E8997189FA06C007BC9C4 /* NSFileManager+DirectoryLocations.m */ = {isa = PBXFileReference; fileEncoding = 4; lastKnownFileType = sourcecode.c.objc; path = "NSFileManager+DirectoryLocations.m"; sourceTree = "<group>"; };
		C71E8998189FA06C007BC9C4 /* NSFileManager+DirectoryLocations.h */ = {isa = PBXFileReference; fileEncoding = 4; lastKnownFileType = sourcecode.c.h; path = "NSFileManager+DirectoryLocations.h"; sourceTree = "<group>"; };
		C71F8C37189A015200298DFA /* IRLauncher.app */ = {isa = PBXFileReference; explicitFileType = wrapper.application; includeInIndex = 0; path = IRLauncher.app; sourceTree = BUILT_PRODUCTS_DIR; };
		C71F8C3A189A015200298DFA /* Cocoa.framework */ = {isa = PBXFileReference; lastKnownFileType = wrapper.framework; name = Cocoa.framework; path = System/Library/Frameworks/Cocoa.framework; sourceTree = SDKROOT; };
		C71F8C3D189A015200298DFA /* AppKit.framework */ = {isa = PBXFileReference; lastKnownFileType = wrapper.framework; name = AppKit.framework; path = System/Library/Frameworks/AppKit.framework; sourceTree = SDKROOT; };
		C71F8C3E189A015200298DFA /* CoreData.framework */ = {isa = PBXFileReference; lastKnownFileType = wrapper.framework; name = CoreData.framework; path = System/Library/Frameworks/CoreData.framework; sourceTree = SDKROOT; };
		C71F8C3F189A015200298DFA /* Foundation.framework */ = {isa = PBXFileReference; lastKnownFileType = wrapper.framework; name = Foundation.framework; path = System/Library/Frameworks/Foundation.framework; sourceTree = SDKROOT; };
		C71F8C42189A015200298DFA /* IRLauncher-Info.plist */ = {isa = PBXFileReference; lastKnownFileType = text.plist.xml; path = "IRLauncher-Info.plist"; sourceTree = "<group>"; };
		C71F8C44189A015200298DFA /* en */ = {isa = PBXFileReference; lastKnownFileType = text.plist.strings; name = en; path = en.lproj/InfoPlist.strings; sourceTree = "<group>"; };
		C71F8C46189A015200298DFA /* main.m */ = {isa = PBXFileReference; lastKnownFileType = sourcecode.c.objc; path = main.m; sourceTree = "<group>"; };
		C71F8C48189A015200298DFA /* IRLauncher-Prefix.pch */ = {isa = PBXFileReference; lastKnownFileType = sourcecode.c.h; path = "IRLauncher-Prefix.pch"; sourceTree = "<group>"; };
		C71F8C4A189A015200298DFA /* en */ = {isa = PBXFileReference; lastKnownFileType = text.rtf; name = en; path = en.lproj/Credits.rtf; sourceTree = "<group>"; };
		C71F8C4C189A015200298DFA /* ILAppDelegate.h */ = {isa = PBXFileReference; lastKnownFileType = sourcecode.c.h; path = ILAppDelegate.h; sourceTree = "<group>"; };
		C71F8C4D189A015200298DFA /* ILAppDelegate.m */ = {isa = PBXFileReference; lastKnownFileType = sourcecode.c.objc; path = ILAppDelegate.m; sourceTree = "<group>"; };
		C71F8C50189A015200298DFA /* Base */ = {isa = PBXFileReference; lastKnownFileType = file.xib; name = Base; path = Base.lproj/MainMenu.xib; sourceTree = "<group>"; };
		C71F8C52189A015200298DFA /* Images.xcassets */ = {isa = PBXFileReference; lastKnownFileType = folder.assetcatalog; path = Images.xcassets; sourceTree = "<group>"; };
		C71F8C58189A015200298DFA /* IRLauncherTests.xctest */ = {isa = PBXFileReference; explicitFileType = wrapper.cfbundle; includeInIndex = 0; path = IRLauncherTests.xctest; sourceTree = BUILT_PRODUCTS_DIR; };
		C71F8C59189A015200298DFA /* XCTest.framework */ = {isa = PBXFileReference; lastKnownFileType = wrapper.framework; name = XCTest.framework; path = Library/Frameworks/XCTest.framework; sourceTree = DEVELOPER_DIR; };
		C71F8C60189A015200298DFA /* IRLauncherTests-Info.plist */ = {isa = PBXFileReference; lastKnownFileType = text.plist.xml; path = "IRLauncherTests-Info.plist"; sourceTree = "<group>"; };
		C71F8C62189A015200298DFA /* en */ = {isa = PBXFileReference; lastKnownFileType = text.plist.strings; name = en; path = en.lproj/InfoPlist.strings; sourceTree = "<group>"; };
		C71F8C64189A015200298DFA /* IRLauncherTests.m */ = {isa = PBXFileReference; lastKnownFileType = sourcecode.c.objc; path = IRLauncherTests.m; sourceTree = "<group>"; };
		C729A269194080950012F40D /* NSMenuItem+StateAware.h */ = {isa = PBXFileReference; fileEncoding = 4; lastKnownFileType = sourcecode.c.h; path = "NSMenuItem+StateAware.h"; sourceTree = "<group>"; };
		C729A26A194080950012F40D /* NSMenuItem+StateAware.m */ = {isa = PBXFileReference; fileEncoding = 4; lastKnownFileType = sourcecode.c.objc; path = "NSMenuItem+StateAware.m"; sourceTree = "<group>"; };
		C738EBFE1953D6F1006A7B6D /* ILStatusItem.h */ = {isa = PBXFileReference; fileEncoding = 4; lastKnownFileType = sourcecode.c.h; path = ILStatusItem.h; sourceTree = "<group>"; };
		C738EBFF1953D6F1006A7B6D /* ILStatusItem.m */ = {isa = PBXFileReference; fileEncoding = 4; lastKnownFileType = sourcecode.c.objc; path = ILStatusItem.m; sourceTree = "<group>"; };
		C763F69A18ED692C00EAC927 /* Log.h */ = {isa = PBXFileReference; fileEncoding = 4; lastKnownFileType = sourcecode.c.h; name = Log.h; path = "../../ios-sdk/IRKit/IRKit/Log.h"; sourceTree = "<group>"; };
		C763F69B18ED692C00EAC927 /* Log.m */ = {isa = PBXFileReference; fileEncoding = 4; lastKnownFileType = sourcecode.c.objc; name = Log.m; path = "../../ios-sdk/IRKit/IRKit/Log.m"; sourceTree = "<group>"; };
		C7647EAD18ED5D8200171E7F /* IRPeripheral.h */ = {isa = PBXFileReference; fileEncoding = 4; lastKnownFileType = sourcecode.c.h; name = IRPeripheral.h; path = "../../ios-sdk/IRKit/IRKit/IRPeripheral.h"; sourceTree = "<group>"; };
		C7647EAE18ED5D8200171E7F /* IRPeripheral.m */ = {isa = PBXFileReference; fileEncoding = 4; lastKnownFileType = sourcecode.c.objc; name = IRPeripheral.m; path = "../../ios-sdk/IRKit/IRKit/IRPeripheral.m"; sourceTree = "<group>"; };
		C7647EAF18ED5D8200171E7F /* IRSignal.h */ = {isa = PBXFileReference; fileEncoding = 4; lastKnownFileType = sourcecode.c.h; name = IRSignal.h; path = "../../ios-sdk/IRKit/IRKit/IRSignal.h"; sourceTree = "<group>"; };
		C7647EB018ED5D8200171E7F /* IRSignal.m */ = {isa = PBXFileReference; fileEncoding = 4; lastKnownFileType = sourcecode.c.objc; name = IRSignal.m; path = "../../ios-sdk/IRKit/IRKit/IRSignal.m"; sourceTree = "<group>"; };
		C7647EB318ED5DD000171E7F /* IRHTTPClient.h */ = {isa = PBXFileReference; fileEncoding = 4; lastKnownFileType = sourcecode.c.h; name = IRHTTPClient.h; path = "../../ios-sdk/IRKit/IRKit/IRHTTPClient.h"; sourceTree = "<group>"; };
		C7647EB418ED5DD000171E7F /* IRHTTPClient.m */ = {isa = PBXFileReference; fileEncoding = 4; lastKnownFileType = sourcecode.c.objc; name = IRHTTPClient.m; path = "../../ios-sdk/IRKit/IRKit/IRHTTPClient.m"; sourceTree = "<group>"; };
		C7647EB518ED5DD000171E7F /* IRKit.h */ = {isa = PBXFileReference; fileEncoding = 4; lastKnownFileType = sourcecode.c.h; name = IRKit.h; path = "../../ios-sdk/IRKit/IRKit/IRKit.h"; sourceTree = "<group>"; };
		C7647EB618ED5DD000171E7F /* IRKit.m */ = {isa = PBXFileReference; fileEncoding = 4; lastKnownFileType = sourcecode.c.objc; name = IRKit.m; path = "../../ios-sdk/IRKit/IRKit/IRKit.m"; sourceTree = "<group>"; };
		C7647EB718ED5DD000171E7F /* IRReachability.h */ = {isa = PBXFileReference; fileEncoding = 4; lastKnownFileType = sourcecode.c.h; name = IRReachability.h; path = "../../ios-sdk/IRKit/IRKit/IRReachability.h"; sourceTree = "<group>"; };
		C7647EB818ED5DD000171E7F /* IRReachability.m */ = {isa = PBXFileReference; fileEncoding = 4; lastKnownFileType = sourcecode.c.objc; name = IRReachability.m; path = "../../ios-sdk/IRKit/IRKit/IRReachability.m"; sourceTree = "<group>"; };
		C764C1C519527E5B003410B6 /* MOSectionedMenu.h */ = {isa = PBXFileReference; fileEncoding = 4; lastKnownFileType = sourcecode.c.h; path = MOSectionedMenu.h; sourceTree = "<group>"; };
		C764C1C619527E5B003410B6 /* MOSectionedMenu.m */ = {isa = PBXFileReference; fileEncoding = 4; lastKnownFileType = sourcecode.c.objc; path = MOSectionedMenu.m; sourceTree = "<group>"; };
		C7766F9F189A4F5300898267 /* ILVersionChecker.h */ = {isa = PBXFileReference; fileEncoding = 4; lastKnownFileType = sourcecode.c.h; path = ILVersionChecker.h; sourceTree = "<group>"; };
		C7766FA0189A4F5300898267 /* ILVersionChecker.m */ = {isa = PBXFileReference; fileEncoding = 4; lastKnownFileType = sourcecode.c.objc; path = ILVersionChecker.m; sourceTree = "<group>"; };
		C7766FA2189A524800898267 /* ILLog.h */ = {isa = PBXFileReference; fileEncoding = 4; lastKnownFileType = sourcecode.c.h; path = ILLog.h; sourceTree = "<group>"; };
		C7766FA3189A524800898267 /* ILLog.m */ = {isa = PBXFileReference; fileEncoding = 4; lastKnownFileType = sourcecode.c.objc; path = ILLog.m; sourceTree = "<group>"; };
		C77AFB4519528218002ED79A /* ILMenuDataSource.h */ = {isa = PBXFileReference; fileEncoding = 4; lastKnownFileType = sourcecode.c.h; path = ILMenuDataSource.h; sourceTree = "<group>"; };
		C77AFB4619528218002ED79A /* ILMenuDataSource.m */ = {isa = PBXFileReference; fileEncoding = 4; lastKnownFileType = sourcecode.c.objc; path = ILMenuDataSource.m; sourceTree = "<group>"; };
		C77AFB581952DCD6002ED79A /* MOAnimatingStatusItem.h */ = {isa = PBXFileReference; fileEncoding = 4; lastKnownFileType = sourcecode.c.h; path = MOAnimatingStatusItem.h; sourceTree = "<group>"; };
		C77AFB591952DCD6002ED79A /* MOAnimatingStatusItem.m */ = {isa = PBXFileReference; fileEncoding = 4; lastKnownFileType = sourcecode.c.objc; path = MOAnimatingStatusItem.m; sourceTree = "<group>"; };
		C77CC8D6194FE70800622994 /* ILSignalNameEditView.xib */ = {isa = PBXFileReference; fileEncoding = 4; lastKnownFileType = file.xib; path = ILSignalNameEditView.xib; sourceTree = "<group>"; };
		C781847D18ED5F1F007FB4E1 /* IRHelper.h */ = {isa = PBXFileReference; fileEncoding = 4; lastKnownFileType = sourcecode.c.h; name = IRHelper.h; path = "../../ios-sdk/IRKit/IRKit/IRHelper.h"; sourceTree = "<group>"; };
		C781847E18ED5F1F007FB4E1 /* IRHelper.m */ = {isa = PBXFileReference; fileEncoding = 4; lastKnownFileType = sourcecode.c.objc; name = IRHelper.m; path = "../../ios-sdk/IRKit/IRKit/IRHelper.m"; sourceTree = "<group>"; };
		C781847F18ED5F1F007FB4E1 /* IRHTTPJSONOperation.h */ = {isa = PBXFileReference; fileEncoding = 4; lastKnownFileType = sourcecode.c.h; name = IRHTTPJSONOperation.h; path = "../../ios-sdk/IRKit/IRKit/IRHTTPJSONOperation.h"; sourceTree = "<group>"; };
		C781848018ED5F1F007FB4E1 /* IRHTTPJSONOperation.m */ = {isa = PBXFileReference; fileEncoding = 4; lastKnownFileType = sourcecode.c.objc; name = IRHTTPJSONOperation.m; path = "../../ios-sdk/IRKit/IRKit/IRHTTPJSONOperation.m"; sourceTree = "<group>"; };
		C781848118ED5F1F007FB4E1 /* IRHTTPOperationQueue.h */ = {isa = PBXFileReference; fileEncoding = 4; lastKnownFileType = sourcecode.c.h; name = IRHTTPOperationQueue.h; path = "../../ios-sdk/IRKit/IRKit/IRHTTPOperationQueue.h"; sourceTree = "<group>"; };
		C781848218ED5F1F007FB4E1 /* IRHTTPOperationQueue.m */ = {isa = PBXFileReference; fileEncoding = 4; lastKnownFileType = sourcecode.c.objc; name = IRHTTPOperationQueue.m; path = "../../ios-sdk/IRKit/IRKit/IRHTTPOperationQueue.m"; sourceTree = "<group>"; };
		C781848318ED5F1F007FB4E1 /* IRPeripherals.h */ = {isa = PBXFileReference; fileEncoding = 4; lastKnownFileType = sourcecode.c.h; name = IRPeripherals.h; path = "../../ios-sdk/IRKit/IRKit/IRPeripherals.h"; sourceTree = "<group>"; };
		C781848418ED5F1F007FB4E1 /* IRPeripherals.m */ = {isa = PBXFileReference; fileEncoding = 4; lastKnownFileType = sourcecode.c.objc; name = IRPeripherals.m; path = "../../ios-sdk/IRKit/IRKit/IRPeripherals.m"; sourceTree = "<group>"; };
		C781848918ED5F6C007FB4E1 /* IRPersistentStore.h */ = {isa = PBXFileReference; fileEncoding = 4; lastKnownFileType = sourcecode.c.h; name = IRPersistentStore.h; path = "../../ios-sdk/IRKit/IRKit/IRPersistentStore.h"; sourceTree = "<group>"; };
		C78918DE194FE89A0075C36E /* ILSignalNameEditViewController.h */ = {isa = PBXFileReference; fileEncoding = 4; lastKnownFileType = sourcecode.c.h; path = ILSignalNameEditViewController.h; sourceTree = "<group>"; };
		C78918DF194FE89A0075C36E /* ILSignalNameEditViewController.m */ = {isa = PBXFileReference; fileEncoding = 4; lastKnownFileType = sourcecode.c.objc; path = ILSignalNameEditViewController.m; sourceTree = "<group>"; };
		C789EC9219419D7F00BC8E90 /* Base */ = {isa = PBXFileReference; lastKnownFileType = file.xib; name = Base; path = Base.lproj/ILSignalReceiveView.xib; sourceTree = "<group>"; };
		C789EC9419419E1600BC8E90 /* ILSignalReceiveViewController.h */ = {isa = PBXFileReference; fileEncoding = 4; lastKnownFileType = sourcecode.c.h; path = ILSignalReceiveViewController.h; sourceTree = "<group>"; };
		C789EC9519419E1600BC8E90 /* ILSignalReceiveViewController.m */ = {isa = PBXFileReference; fileEncoding = 4; lastKnownFileType = sourcecode.c.objc; path = ILSignalReceiveViewController.m; sourceTree = "<group>"; };
		C7965C2018FFB465004FF579 /* ILConst.h */ = {isa = PBXFileReference; fileEncoding = 4; lastKnownFileType = sourcecode.c.h; path = ILConst.h; sourceTree = "<group>"; };
		C7965C2118FFB4A5004FF579 /* IRConst.h */ = {isa = PBXFileReference; fileEncoding = 4; lastKnownFileType = sourcecode.c.h; name = IRConst.h; path = IRKit/IRConst.h; sourceTree = "<group>"; };
		C798A30C18FD3F9100C9994C /* ILFileStore.h */ = {isa = PBXFileReference; fileEncoding = 4; lastKnownFileType = sourcecode.c.h; path = ILFileStore.h; sourceTree = "<group>"; };
		C798A30D18FD3F9100C9994C /* ILFileStore.m */ = {isa = PBXFileReference; fileEncoding = 4; lastKnownFileType = sourcecode.c.objc; path = ILFileStore.m; sourceTree = "<group>"; };
		C79AF43718FE5FA600814235 /* ILMenuProgressView.h */ = {isa = PBXFileReference; fileEncoding = 4; lastKnownFileType = sourcecode.c.h; path = ILMenuProgressView.h; sourceTree = "<group>"; };
		C79AF43818FE5FA600814235 /* ILMenuProgressView.m */ = {isa = PBXFileReference; fileEncoding = 4; lastKnownFileType = sourcecode.c.objc; path = ILMenuProgressView.m; sourceTree = "<group>"; };
		C7A7ED69192DD05E00F86AFF /* ILSender.h */ = {isa = PBXFileReference; fileEncoding = 4; lastKnownFileType = sourcecode.c.h; path = ILSender.h; sourceTree = "<group>"; };
		C7A7ED6A192DD05E00F86AFF /* ILSender.m */ = {isa = PBXFileReference; fileEncoding = 4; lastKnownFileType = sourcecode.c.objc; path = ILSender.m; sourceTree = "<group>"; };
		C7B2069D194FF4BB001646DD /* ILLearnSignalWindowController.h */ = {isa = PBXFileReference; fileEncoding = 4; lastKnownFileType = sourcecode.c.h; path = ILLearnSignalWindowController.h; sourceTree = "<group>"; };
		C7B2069E194FF4BB001646DD /* ILLearnSignalWindowController.m */ = {isa = PBXFileReference; fileEncoding = 4; lastKnownFileType = sourcecode.c.objc; path = ILLearnSignalWindowController.m; sourceTree = "<group>"; };
		C7B6934618EE63BA00DE7027 /* IRSignals.h */ = {isa = PBXFileReference; fileEncoding = 4; lastKnownFileType = sourcecode.c.h; name = IRSignals.h; path = "../../ios-sdk/IRKit/IRKit/IRSignals.h"; sourceTree = "<group>"; };
		C7B6934718EE63BA00DE7027 /* IRSignals.m */ = {isa = PBXFileReference; fileEncoding = 4; lastKnownFileType = sourcecode.c.objc; name = IRSignals.m; path = "../../ios-sdk/IRKit/IRKit/IRSignals.m"; sourceTree = "<group>"; };
		C7B6934918EE647600DE7027 /* ILSignalsDirectorySearcher.h */ = {isa = PBXFileReference; fileEncoding = 4; lastKnownFileType = sourcecode.c.h; path = ILSignalsDirectorySearcher.h; sourceTree = "<group>"; };
		C7B6934A18EE647600DE7027 /* ILSignalsDirectorySearcher.m */ = {isa = PBXFileReference; fileEncoding = 4; lastKnownFileType = sourcecode.c.objc; path = ILSignalsDirectorySearcher.m; sourceTree = "<group>"; };
		C7B6C8C61920AB1B00C13F49 /* NSString+UUID.h */ = {isa = PBXFileReference; fileEncoding = 4; lastKnownFileType = sourcecode.c.h; path = "NSString+UUID.h"; sourceTree = "<group>"; };
		C7B6C8C71920AB1B00C13F49 /* NSString+UUID.m */ = {isa = PBXFileReference; fileEncoding = 4; lastKnownFileType = sourcecode.c.objc; path = "NSString+UUID.m"; sourceTree = "<group>"; };
		C7BA33E81954288400B9247B /* MIT-License.rtf */ = {isa = PBXFileReference; fileEncoding = 4; lastKnownFileType = text.rtf; path = "MIT-License.rtf"; sourceTree = "<group>"; };
		C7BA33E91954288400B9247B /* RSVerticallyCenteredTextFieldCell.h */ = {isa = PBXFileReference; fileEncoding = 4; lastKnownFileType = sourcecode.c.h; path = RSVerticallyCenteredTextFieldCell.h; sourceTree = "<group>"; };
		C7BA33EA1954288400B9247B /* RSVerticallyCenteredTextFieldCell.m */ = {isa = PBXFileReference; fileEncoding = 4; lastKnownFileType = sourcecode.c.objc; path = RSVerticallyCenteredTextFieldCell.m; sourceTree = "<group>"; };
		C7D218E819598720004AD675 /* FinderInfo.dat */ = {isa = PBXFileReference; lastKnownFileType = file; path = FinderInfo.dat; sourceTree = "<group>"; };
		C7D218E919598720004AD675 /* ResourceFork.dat */ = {isa = PBXFileReference; lastKnownFileType = file; path = ResourceFork.dat; sourceTree = "<group>"; };
		C7F32CB019516DED00601842 /* ILMenuProgressView.xib */ = {isa = PBXFileReference; fileEncoding = 4; lastKnownFileType = file.xib; path = ILMenuProgressView.xib; sourceTree = "<group>"; };
		C7F6C491189A66B600A79261 /* ILUtils.h */ = {isa = PBXFileReference; fileEncoding = 4; lastKnownFileType = sourcecode.c.h; path = ILUtils.h; sourceTree = "<group>"; };
		C7F6C492189A66B600A79261 /* ILUtils.m */ = {isa = PBXFileReference; fileEncoding = 4; lastKnownFileType = sourcecode.c.objc; path = ILUtils.m; sourceTree = "<group>"; };
/* End PBXFileReference section */

/* Begin PBXFrameworksBuildPhase section */
		C71F8C34189A015200298DFA /* Frameworks */ = {
			isa = PBXFrameworksBuildPhase;
			buildActionMask = 2147483647;
			files = (
				C71F8C3B189A015200298DFA /* Cocoa.framework in Frameworks */,
				11C9F3851196497CA0BD6036 /* libPods.a in Frameworks */,
			);
			runOnlyForDeploymentPostprocessing = 0;
		};
		C71F8C55189A015200298DFA /* Frameworks */ = {
			isa = PBXFrameworksBuildPhase;
			buildActionMask = 2147483647;
			files = (
				C71F8C5B189A015200298DFA /* Cocoa.framework in Frameworks */,
				C71F8C5A189A015200298DFA /* XCTest.framework in Frameworks */,
			);
			runOnlyForDeploymentPostprocessing = 0;
		};
/* End PBXFrameworksBuildPhase section */

/* Begin PBXGroup section */
		C70745BA191A1C7D00AA7A32 /* Extensions */ = {
			isa = PBXGroup;
			children = (
				C70745BE191A1D3E00AA7A32 /* ILQuicksilverExtension.h */,
				C70745BF191A1D3E00AA7A32 /* ILQuicksilverExtension.m */,
				C70745BB191A1CAB00AA7A32 /* ILExtension.h */,
			);
			name = Extensions;
			sourceTree = "<group>";
		};
		C71E8996189FA05F007BC9C4 /* Categories */ = {
			isa = PBXGroup;
			children = (
				C71E8997189FA06C007BC9C4 /* NSFileManager+DirectoryLocations.m */,
				C71E8998189FA06C007BC9C4 /* NSFileManager+DirectoryLocations.h */,
				C7B6C8C61920AB1B00C13F49 /* NSString+UUID.h */,
				C7B6C8C71920AB1B00C13F49 /* NSString+UUID.m */,
			);
			name = Categories;
			sourceTree = "<group>";
		};
		C71F8C2E189A015200298DFA = {
			isa = PBXGroup;
			children = (
				C71F8C40189A015200298DFA /* IRLauncher */,
				C71F8C5E189A015200298DFA /* IRLauncherTests */,
				C71F8C39189A015200298DFA /* Frameworks */,
				C71F8C38189A015200298DFA /* Products */,
				BB52621429724E208636A191 /* Pods.xcconfig */,
			);
			sourceTree = "<group>";
		};
		C71F8C38189A015200298DFA /* Products */ = {
			isa = PBXGroup;
			children = (
				C71F8C37189A015200298DFA /* IRLauncher.app */,
				C71F8C58189A015200298DFA /* IRLauncherTests.xctest */,
			);
			name = Products;
			sourceTree = "<group>";
		};
		C71F8C39189A015200298DFA /* Frameworks */ = {
			isa = PBXGroup;
			children = (
				C71F8C3A189A015200298DFA /* Cocoa.framework */,
				C71F8C59189A015200298DFA /* XCTest.framework */,
				C71F8C3C189A015200298DFA /* Other Frameworks */,
				5B1EF2A37F2D4D4C81E28AF5 /* libPods.a */,
			);
			name = Frameworks;
			sourceTree = "<group>";
		};
		C71F8C3C189A015200298DFA /* Other Frameworks */ = {
			isa = PBXGroup;
			children = (
				C71F8C3D189A015200298DFA /* AppKit.framework */,
				C71F8C3E189A015200298DFA /* CoreData.framework */,
				C71F8C3F189A015200298DFA /* Foundation.framework */,
			);
			name = "Other Frameworks";
			sourceTree = "<group>";
		};
		C71F8C40189A015200298DFA /* IRLauncher */ = {
			isa = PBXGroup;
			children = (
				C7D218E719598720004AD675 /* Attributes */,
				C7BA33E61954288400B9247B /* Dependencies */,
				C78918E1194FE8A50075C36E /* LearnSignalWindow */,
				C70745BA191A1C7D00AA7A32 /* Extensions */,
				C71E8996189FA05F007BC9C4 /* Categories */,
				C7FD7F88189CFC9600EF0906 /* IRKit */,
				C7766F9D189A4E9B00898267 /* Menulet */,
				C7766F9B189A4E0F00898267 /* Resources */,
				C71F8C41189A015200298DFA /* Supporting Files */,
				C7766F9F189A4F5300898267 /* ILVersionChecker.h */,
				C7766FA0189A4F5300898267 /* ILVersionChecker.m */,
				C71F8C4C189A015200298DFA /* ILAppDelegate.h */,
				C71F8C4D189A015200298DFA /* ILAppDelegate.m */,
				C7F6C491189A66B600A79261 /* ILUtils.h */,
				C7F6C492189A66B600A79261 /* ILUtils.m */,
				C7B6934918EE647600DE7027 /* ILSignalsDirectorySearcher.h */,
				C7B6934A18EE647600DE7027 /* ILSignalsDirectorySearcher.m */,
				C798A30C18FD3F9100C9994C /* ILFileStore.h */,
				C798A30D18FD3F9100C9994C /* ILFileStore.m */,
				C7965C2018FFB465004FF579 /* ILConst.h */,
				C7A7ED69192DD05E00F86AFF /* ILSender.h */,
				C7A7ED6A192DD05E00F86AFF /* ILSender.m */,
			);
			path = IRLauncher;
			sourceTree = "<group>";
		};
		C71F8C41189A015200298DFA /* Supporting Files */ = {
			isa = PBXGroup;
			children = (
				C7766FA2189A524800898267 /* ILLog.h */,
				C7766FA3189A524800898267 /* ILLog.m */,
				C71F8C42189A015200298DFA /* IRLauncher-Info.plist */,
				C71F8C43189A015200298DFA /* InfoPlist.strings */,
				C71F8C46189A015200298DFA /* main.m */,
				C71F8C48189A015200298DFA /* IRLauncher-Prefix.pch */,
				C71F8C49189A015200298DFA /* Credits.rtf */,
			);
			name = "Supporting Files";
			sourceTree = "<group>";
		};
		C71F8C5E189A015200298DFA /* IRLauncherTests */ = {
			isa = PBXGroup;
			children = (
				C71F8C64189A015200298DFA /* IRLauncherTests.m */,
				C71F8C5F189A015200298DFA /* Supporting Files */,
			);
			path = IRLauncherTests;
			sourceTree = "<group>";
		};
		C71F8C5F189A015200298DFA /* Supporting Files */ = {
			isa = PBXGroup;
			children = (
				C71F8C60189A015200298DFA /* IRLauncherTests-Info.plist */,
				C71F8C61189A015200298DFA /* InfoPlist.strings */,
			);
			name = "Supporting Files";
			sourceTree = "<group>";
		};
		C7766F9B189A4E0F00898267 /* Resources */ = {
			isa = PBXGroup;
			children = (
				C71F8C4F189A015200298DFA /* MainMenu.xib */,
				C71F8C52189A015200298DFA /* Images.xcassets */,
			);
			name = Resources;
			sourceTree = "<group>";
		};
		C7766F9D189A4E9B00898267 /* Menulet */ = {
			isa = PBXGroup;
			children = (
				C79AF43718FE5FA600814235 /* ILMenuProgressView.h */,
				C79AF43818FE5FA600814235 /* ILMenuProgressView.m */,
				C7F32CB019516DED00601842 /* ILMenuProgressView.xib */,
				C729A269194080950012F40D /* NSMenuItem+StateAware.h */,
				C729A26A194080950012F40D /* NSMenuItem+StateAware.m */,
				C764C1C519527E5B003410B6 /* MOSectionedMenu.h */,
				C764C1C619527E5B003410B6 /* MOSectionedMenu.m */,
				C77AFB4519528218002ED79A /* ILMenuDataSource.h */,
				C77AFB4619528218002ED79A /* ILMenuDataSource.m */,
				C77AFB581952DCD6002ED79A /* MOAnimatingStatusItem.h */,
				C77AFB591952DCD6002ED79A /* MOAnimatingStatusItem.m */,
				C738EBFE1953D6F1006A7B6D /* ILStatusItem.h */,
				C738EBFF1953D6F1006A7B6D /* ILStatusItem.m */,
			);
			name = Menulet;
			sourceTree = "<group>";
		};
		C78918E1194FE8A50075C36E /* LearnSignalWindow */ = {
			isa = PBXGroup;
			children = (
				C7B2069D194FF4BB001646DD /* ILLearnSignalWindowController.h */,
				C7B2069E194FF4BB001646DD /* ILLearnSignalWindowController.m */,
				C789EC9419419E1600BC8E90 /* ILSignalReceiveViewController.h */,
				C789EC9519419E1600BC8E90 /* ILSignalReceiveViewController.m */,
				C789EC9119419D7F00BC8E90 /* ILSignalReceiveView.xib */,
				C78918DE194FE89A0075C36E /* ILSignalNameEditViewController.h */,
				C78918DF194FE89A0075C36E /* ILSignalNameEditViewController.m */,
				C77CC8D6194FE70800622994 /* ILSignalNameEditView.xib */,
			);
			name = LearnSignalWindow;
			sourceTree = "<group>";
		};
		C7BA33E61954288400B9247B /* Dependencies */ = {
			isa = PBXGroup;
			children = (
				C7BA33E71954288400B9247B /* RSVerticallyCenteredTextFieldCell */,
			);
			path = Dependencies;
			sourceTree = "<group>";
		};
		C7BA33E71954288400B9247B /* RSVerticallyCenteredTextFieldCell */ = {
			isa = PBXGroup;
			children = (
				C7BA33E81954288400B9247B /* MIT-License.rtf */,
				C7BA33E91954288400B9247B /* RSVerticallyCenteredTextFieldCell.h */,
				C7BA33EA1954288400B9247B /* RSVerticallyCenteredTextFieldCell.m */,
			);
			path = RSVerticallyCenteredTextFieldCell;
			sourceTree = "<group>";
		};
		C7D218E719598720004AD675 /* Attributes */ = {
			isa = PBXGroup;
			children = (
				C7D218E819598720004AD675 /* FinderInfo.dat */,
				C7D218E919598720004AD675 /* ResourceFork.dat */,
			);
			path = Attributes;
			sourceTree = "<group>";
		};
		C7FD7F88189CFC9600EF0906 /* IRKit */ = {
			isa = PBXGroup;
			children = (
				C763F69A18ED692C00EAC927 /* Log.h */,
				C763F69B18ED692C00EAC927 /* Log.m */,
				C7647EB518ED5DD000171E7F /* IRKit.h */,
				C7647EB618ED5DD000171E7F /* IRKit.m */,
				C781848918ED5F6C007FB4E1 /* IRPersistentStore.h */,
				C781847D18ED5F1F007FB4E1 /* IRHelper.h */,
				C781847E18ED5F1F007FB4E1 /* IRHelper.m */,
				C781847F18ED5F1F007FB4E1 /* IRHTTPJSONOperation.h */,
				C781848018ED5F1F007FB4E1 /* IRHTTPJSONOperation.m */,
				C781848118ED5F1F007FB4E1 /* IRHTTPOperationQueue.h */,
				C781848218ED5F1F007FB4E1 /* IRHTTPOperationQueue.m */,
				C7647EB318ED5DD000171E7F /* IRHTTPClient.h */,
				C7647EB418ED5DD000171E7F /* IRHTTPClient.m */,
				C7647EB718ED5DD000171E7F /* IRReachability.h */,
				C7647EB818ED5DD000171E7F /* IRReachability.m */,
				C7647EAD18ED5D8200171E7F /* IRPeripheral.h */,
				C7647EAE18ED5D8200171E7F /* IRPeripheral.m */,
				C781848318ED5F1F007FB4E1 /* IRPeripherals.h */,
				C781848418ED5F1F007FB4E1 /* IRPeripherals.m */,
				C7647EAF18ED5D8200171E7F /* IRSignal.h */,
				C7647EB018ED5D8200171E7F /* IRSignal.m */,
				C7B6934618EE63BA00DE7027 /* IRSignals.h */,
				C7B6934718EE63BA00DE7027 /* IRSignals.m */,
				C71E8993189F92B7007BC9C4 /* IRSearcher.m */,
				C71E8994189F92B7007BC9C4 /* IRSearcher.h */,
				C7965C2118FFB4A5004FF579 /* IRConst.h */,
			);
			name = IRKit;
			sourceTree = "<group>";
		};
/* End PBXGroup section */

/* Begin PBXNativeTarget section */
		C71F8C36189A015200298DFA /* IRLauncher */ = {
			isa = PBXNativeTarget;
			buildConfigurationList = C71F8C68189A015200298DFA /* Build configuration list for PBXNativeTarget "IRLauncher" */;
			buildPhases = (
				A0C37A0958E54AD29D2B6E41 /* Check Pods Manifest.lock */,
				C71F8C33189A015200298DFA /* Sources */,
				C71F8C34189A015200298DFA /* Frameworks */,
				C71F8C35189A015200298DFA /* Resources */,
				F6B181E2EFCC450784985A88 /* Copy Pods Resources */,
			);
			buildRules = (
			);
			dependencies = (
			);
			name = IRLauncher;
			productName = IRLauncher;
			productReference = C71F8C37189A015200298DFA /* IRLauncher.app */;
			productType = "com.apple.product-type.application";
		};
		C71F8C57189A015200298DFA /* IRLauncherTests */ = {
			isa = PBXNativeTarget;
			buildConfigurationList = C71F8C6B189A015200298DFA /* Build configuration list for PBXNativeTarget "IRLauncherTests" */;
			buildPhases = (
				C71F8C54189A015200298DFA /* Sources */,
				C71F8C55189A015200298DFA /* Frameworks */,
				C71F8C56189A015200298DFA /* Resources */,
			);
			buildRules = (
			);
			dependencies = (
				C71F8C5D189A015200298DFA /* PBXTargetDependency */,
			);
			name = IRLauncherTests;
			productName = IRLauncherTests;
			productReference = C71F8C58189A015200298DFA /* IRLauncherTests.xctest */;
			productType = "com.apple.product-type.bundle.unit-test";
		};
/* End PBXNativeTarget section */

/* Begin PBXProject section */
		C71F8C2F189A015200298DFA /* Project object */ = {
			isa = PBXProject;
			attributes = {
				CLASSPREFIX = ID;
				LastUpgradeCheck = 0500;
				ORGANIZATIONNAME = "Masakazu Ohtsuka";
				TargetAttributes = {
					C71F8C57189A015200298DFA = {
						TestTargetID = C71F8C36189A015200298DFA;
					};
				};
			};
			buildConfigurationList = C71F8C32189A015200298DFA /* Build configuration list for PBXProject "IRLauncher" */;
			compatibilityVersion = "Xcode 3.2";
			developmentRegion = English;
			hasScannedForEncodings = 0;
			knownRegions = (
				en,
				Base,
			);
			mainGroup = C71F8C2E189A015200298DFA;
			productRefGroup = C71F8C38189A015200298DFA /* Products */;
			projectDirPath = "";
			projectRoot = "";
			targets = (
				C71F8C36189A015200298DFA /* IRLauncher */,
				C71F8C57189A015200298DFA /* IRLauncherTests */,
			);
		};
/* End PBXProject section */

/* Begin PBXResourcesBuildPhase section */
		C71F8C35189A015200298DFA /* Resources */ = {
			isa = PBXResourcesBuildPhase;
			buildActionMask = 2147483647;
			files = (
				C7D218EB19598720004AD675 /* ResourceFork.dat in Resources */,
				C7D218EA19598720004AD675 /* FinderInfo.dat in Resources */,
				C71F8C45189A015200298DFA /* InfoPlist.strings in Resources */,
				C71F8C53189A015200298DFA /* Images.xcassets in Resources */,
				C71F8C4B189A015200298DFA /* Credits.rtf in Resources */,
				C7BA33EB1954288400B9247B /* MIT-License.rtf in Resources */,
				C7F32CB119516DED00601842 /* ILMenuProgressView.xib in Resources */,
				C71F8C51189A015200298DFA /* MainMenu.xib in Resources */,
				C789EC9319419D7F00BC8E90 /* ILSignalReceiveView.xib in Resources */,
				C77CC8D7194FE70800622994 /* ILSignalNameEditView.xib in Resources */,
			);
			runOnlyForDeploymentPostprocessing = 0;
		};
		C71F8C56189A015200298DFA /* Resources */ = {
			isa = PBXResourcesBuildPhase;
			buildActionMask = 2147483647;
			files = (
				C71F8C63189A015200298DFA /* InfoPlist.strings in Resources */,
			);
			runOnlyForDeploymentPostprocessing = 0;
		};
/* End PBXResourcesBuildPhase section */

/* Begin PBXShellScriptBuildPhase section */
		A0C37A0958E54AD29D2B6E41 /* Check Pods Manifest.lock */ = {
			isa = PBXShellScriptBuildPhase;
			buildActionMask = 2147483647;
			files = (
			);
			inputPaths = (
			);
			name = "Check Pods Manifest.lock";
			outputPaths = (
			);
			runOnlyForDeploymentPostprocessing = 0;
			shellPath = /bin/sh;
			shellScript = "diff \"${PODS_ROOT}/../Podfile.lock\" \"${PODS_ROOT}/Manifest.lock\" > /dev/null\nif [[ $? != 0 ]] ; then\n    cat << EOM\nerror: The sandbox is not in sync with the Podfile.lock. Run 'pod install' or update your CocoaPods installation.\nEOM\n    exit 1\nfi\n";
			showEnvVarsInLog = 0;
		};
		F6B181E2EFCC450784985A88 /* Copy Pods Resources */ = {
			isa = PBXShellScriptBuildPhase;
			buildActionMask = 2147483647;
			files = (
			);
			inputPaths = (
			);
			name = "Copy Pods Resources";
			outputPaths = (
			);
			runOnlyForDeploymentPostprocessing = 0;
			shellPath = /bin/sh;
			shellScript = "\"${SRCROOT}/Pods/Pods-resources.sh\"\n";
			showEnvVarsInLog = 0;
		};
/* End PBXShellScriptBuildPhase section */

/* Begin PBXSourcesBuildPhase section */
		C71F8C33189A015200298DFA /* Sources */ = {
			isa = PBXSourcesBuildPhase;
			buildActionMask = 2147483647;
			files = (
				C7647EB118ED5D8200171E7F /* IRPeripheral.m in Sources */,
				C7766FA4189A524800898267 /* ILLog.m in Sources */,
				C7647EB218ED5D8200171E7F /* IRSignal.m in Sources */,
				C77AFB4719528218002ED79A /* ILMenuDataSource.m in Sources */,
				C7B6934818EE63BA00DE7027 /* IRSignals.m in Sources */,
				C71E8999189FA06C007BC9C4 /* NSFileManager+DirectoryLocations.m in Sources */,
				C7F6C493189A66B600A79261 /* ILUtils.m in Sources */,
				C763F69C18ED692C00EAC927 /* Log.m in Sources */,
				C764C1C719527E5B003410B6 /* MOSectionedMenu.m in Sources */,
				C781848618ED5F1F007FB4E1 /* IRHTTPJSONOperation.m in Sources */,
				C7647EB918ED5DD000171E7F /* IRHTTPClient.m in Sources */,
				C781848518ED5F1F007FB4E1 /* IRHelper.m in Sources */,
				C7BA33EC1954288400B9247B /* RSVerticallyCenteredTextFieldCell.m in Sources */,
				C781848818ED5F1F007FB4E1 /* IRPeripherals.m in Sources */,
				C7647EBA18ED5DD000171E7F /* IRKit.m in Sources */,
				C71E8995189F92B7007BC9C4 /* IRSearcher.m in Sources */,
				C71F8C47189A015200298DFA /* main.m in Sources */,
				C78918E0194FE89A0075C36E /* ILSignalNameEditViewController.m in Sources */,
				C71F8C4E189A015200298DFA /* ILAppDelegate.m in Sources */,
				C77AFB5A1952DCD6002ED79A /* MOAnimatingStatusItem.m in Sources */,
				C70745C0191A1D3E00AA7A32 /* ILQuicksilverExtension.m in Sources */,
				C7A7ED6B192DD05E00F86AFF /* ILSender.m in Sources */,
				C7766FA1189A4F5300898267 /* ILVersionChecker.m in Sources */,
				C798A30E18FD3F9100C9994C /* ILFileStore.m in Sources */,
				C7B6934B18EE647600DE7027 /* ILSignalsDirectorySearcher.m in Sources */,
				C789EC9619419E1600BC8E90 /* ILSignalReceiveViewController.m in Sources */,
				C7B6C8C81920AB1B00C13F49 /* NSString+UUID.m in Sources */,
				C729A26B194080950012F40D /* NSMenuItem+StateAware.m in Sources */,
				C781848718ED5F1F007FB4E1 /* IRHTTPOperationQueue.m in Sources */,
				C7B206A0194FF4BB001646DD /* ILLearnSignalWindowController.m in Sources */,
				C7647EBB18ED5DD000171E7F /* IRReachability.m in Sources */,
				C79AF43918FE5FA600814235 /* ILMenuProgressView.m in Sources */,
				C738EC001953D6F1006A7B6D /* ILStatusItem.m in Sources */,
			);
			runOnlyForDeploymentPostprocessing = 0;
		};
		C71F8C54189A015200298DFA /* Sources */ = {
			isa = PBXSourcesBuildPhase;
			buildActionMask = 2147483647;
			files = (
				C71F8C65189A015200298DFA /* IRLauncherTests.m in Sources */,
			);
			runOnlyForDeploymentPostprocessing = 0;
		};
/* End PBXSourcesBuildPhase section */

/* Begin PBXTargetDependency section */
		C71F8C5D189A015200298DFA /* PBXTargetDependency */ = {
			isa = PBXTargetDependency;
			target = C71F8C36189A015200298DFA /* IRLauncher */;
			targetProxy = C71F8C5C189A015200298DFA /* PBXContainerItemProxy */;
		};
/* End PBXTargetDependency section */

/* Begin PBXVariantGroup section */
		C71F8C43189A015200298DFA /* InfoPlist.strings */ = {
			isa = PBXVariantGroup;
			children = (
				C71F8C44189A015200298DFA /* en */,
			);
			name = InfoPlist.strings;
			sourceTree = "<group>";
		};
		C71F8C49189A015200298DFA /* Credits.rtf */ = {
			isa = PBXVariantGroup;
			children = (
				C71F8C4A189A015200298DFA /* en */,
			);
			name = Credits.rtf;
			sourceTree = "<group>";
		};
		C71F8C4F189A015200298DFA /* MainMenu.xib */ = {
			isa = PBXVariantGroup;
			children = (
				C71F8C50189A015200298DFA /* Base */,
			);
			name = MainMenu.xib;
			sourceTree = "<group>";
		};
		C71F8C61189A015200298DFA /* InfoPlist.strings */ = {
			isa = PBXVariantGroup;
			children = (
				C71F8C62189A015200298DFA /* en */,
			);
			name = InfoPlist.strings;
			sourceTree = "<group>";
		};
		C789EC9119419D7F00BC8E90 /* ILSignalReceiveView.xib */ = {
			isa = PBXVariantGroup;
			children = (
				C789EC9219419D7F00BC8E90 /* Base */,
			);
			name = ILSignalReceiveView.xib;
			sourceTree = "<group>";
		};
/* End PBXVariantGroup section */

/* Begin XCBuildConfiguration section */
		C71F8C66189A015200298DFA /* Debug */ = {
			isa = XCBuildConfiguration;
			buildSettings = {
				ALWAYS_SEARCH_USER_PATHS = NO;
				CLANG_CXX_LANGUAGE_STANDARD = "gnu++0x";
				CLANG_CXX_LIBRARY = "libc++";
				CLANG_ENABLE_OBJC_ARC = YES;
				CLANG_WARN_BOOL_CONVERSION = YES;
				CLANG_WARN_CONSTANT_CONVERSION = YES;
				CLANG_WARN_DIRECT_OBJC_ISA_USAGE = YES_ERROR;
				CLANG_WARN_EMPTY_BODY = YES;
				CLANG_WARN_ENUM_CONVERSION = YES;
				CLANG_WARN_INT_CONVERSION = YES;
				CLANG_WARN_OBJC_ROOT_CLASS = YES_ERROR;
				CLANG_WARN__DUPLICATE_METHOD_MATCH = YES;
				COPY_PHASE_STRIP = NO;
				GCC_C_LANGUAGE_STANDARD = gnu99;
				GCC_DYNAMIC_NO_PIC = NO;
				GCC_ENABLE_OBJC_EXCEPTIONS = YES;
				GCC_OPTIMIZATION_LEVEL = 0;
				GCC_PREPROCESSOR_DEFINITIONS = (
					"DEBUG=1",
					"$(inherited)",
					"IRKIT_DEBUG=1",
				);
				GCC_SYMBOLS_PRIVATE_EXTERN = NO;
				GCC_WARN_64_TO_32_BIT_CONVERSION = YES;
				GCC_WARN_ABOUT_RETURN_TYPE = YES_ERROR;
				GCC_WARN_UNDECLARED_SELECTOR = YES;
				GCC_WARN_UNINITIALIZED_AUTOS = YES;
				GCC_WARN_UNUSED_FUNCTION = YES;
				GCC_WARN_UNUSED_VARIABLE = YES;
				MACOSX_DEPLOYMENT_TARGET = 10.9;
				ONLY_ACTIVE_ARCH = YES;
				SDKROOT = macosx;
			};
			name = Debug;
		};
		C71F8C67189A015200298DFA /* Release */ = {
			isa = XCBuildConfiguration;
			buildSettings = {
				ALWAYS_SEARCH_USER_PATHS = NO;
				CLANG_CXX_LANGUAGE_STANDARD = "gnu++0x";
				CLANG_CXX_LIBRARY = "libc++";
				CLANG_ENABLE_OBJC_ARC = YES;
				CLANG_WARN_BOOL_CONVERSION = YES;
				CLANG_WARN_CONSTANT_CONVERSION = YES;
				CLANG_WARN_DIRECT_OBJC_ISA_USAGE = YES_ERROR;
				CLANG_WARN_EMPTY_BODY = YES;
				CLANG_WARN_ENUM_CONVERSION = YES;
				CLANG_WARN_INT_CONVERSION = YES;
				CLANG_WARN_OBJC_ROOT_CLASS = YES_ERROR;
				CLANG_WARN__DUPLICATE_METHOD_MATCH = YES;
				COPY_PHASE_STRIP = YES;
				DEBUG_INFORMATION_FORMAT = "dwarf-with-dsym";
				ENABLE_NS_ASSERTIONS = NO;
				GCC_C_LANGUAGE_STANDARD = gnu99;
				GCC_ENABLE_OBJC_EXCEPTIONS = YES;
				GCC_WARN_64_TO_32_BIT_CONVERSION = YES;
				GCC_WARN_ABOUT_RETURN_TYPE = YES_ERROR;
				GCC_WARN_UNDECLARED_SELECTOR = YES;
				GCC_WARN_UNINITIALIZED_AUTOS = YES;
				GCC_WARN_UNUSED_FUNCTION = YES;
				GCC_WARN_UNUSED_VARIABLE = YES;
				MACOSX_DEPLOYMENT_TARGET = 10.9;
				SDKROOT = macosx;
			};
			name = Release;
		};
		C71F8C69189A015200298DFA /* Debug */ = {
			isa = XCBuildConfiguration;
			baseConfigurationReference = BB52621429724E208636A191 /* Pods.xcconfig */;
			buildSettings = {
				ASSETCATALOG_COMPILER_APPICON_NAME = AppIcon;
				COMBINE_HIDPI_IMAGES = YES;
				GCC_PRECOMPILE_PREFIX_HEADER = YES;
				GCC_PREFIX_HEADER = "IRLauncher/IRLauncher-Prefix.pch";
				INFOPLIST_FILE = "IRLauncher/IRLauncher-Info.plist";
				PRODUCT_NAME = IRLauncher;
				WRAPPER_EXTENSION = app;
			};
			name = Debug;
		};
		C71F8C6A189A015200298DFA /* Release */ = {
			isa = XCBuildConfiguration;
			baseConfigurationReference = BB52621429724E208636A191 /* Pods.xcconfig */;
			buildSettings = {
				ASSETCATALOG_COMPILER_APPICON_NAME = AppIcon;
				COMBINE_HIDPI_IMAGES = YES;
				GCC_PRECOMPILE_PREFIX_HEADER = YES;
				GCC_PREFIX_HEADER = "IRLauncher/IRLauncher-Prefix.pch";
				INFOPLIST_FILE = "IRLauncher/IRLauncher-Info.plist";
				PRODUCT_NAME = IRLauncher;
				WRAPPER_EXTENSION = app;
			};
			name = Release;
		};
		C71F8C6C189A015200298DFA /* Debug */ = {
			isa = XCBuildConfiguration;
			buildSettings = {
				BUNDLE_LOADER = "$(BUILT_PRODUCTS_DIR)/IRLauncher.app/Contents/MacOS/IRLauncher";
				COMBINE_HIDPI_IMAGES = YES;
				FRAMEWORK_SEARCH_PATHS = (
					"$(DEVELOPER_FRAMEWORKS_DIR)",
					"$(inherited)",
				);
				GCC_PRECOMPILE_PREFIX_HEADER = YES;
				GCC_PREFIX_HEADER = "IRLauncher/IRLauncher-Prefix.pch";
				GCC_PREPROCESSOR_DEFINITIONS = (
					"DEBUG=1",
					"$(inherited)",
				);
				INFOPLIST_FILE = "IRLauncherTests/IRLauncherTests-Info.plist";
				PRODUCT_NAME = IRLauncherTests;
				TEST_HOST = "$(BUNDLE_LOADER)";
				WRAPPER_EXTENSION = xctest;
			};
			name = Debug;
		};
		C71F8C6D189A015200298DFA /* Release */ = {
			isa = XCBuildConfiguration;
			buildSettings = {
				BUNDLE_LOADER = "$(BUILT_PRODUCTS_DIR)/IRLauncher.app/Contents/MacOS/IRLauncher";
				COMBINE_HIDPI_IMAGES = YES;
				FRAMEWORK_SEARCH_PATHS = (
					"$(DEVELOPER_FRAMEWORKS_DIR)",
					"$(inherited)",
				);
				GCC_PRECOMPILE_PREFIX_HEADER = YES;
				GCC_PREFIX_HEADER = "IRLauncher/IRLauncher-Prefix.pch";
				INFOPLIST_FILE = "IRLauncherTests/IRLauncherTests-Info.plist";
				PRODUCT_NAME = IRLauncherTests;
				TEST_HOST = "$(BUNDLE_LOADER)";
				WRAPPER_EXTENSION = xctest;
			};
			name = Release;
		};
/* End XCBuildConfiguration section */

/* Begin XCConfigurationList section */
		C71F8C32189A015200298DFA /* Build configuration list for PBXProject "IRLauncher" */ = {
			isa = XCConfigurationList;
			buildConfigurations = (
				C71F8C66189A015200298DFA /* Debug */,
				C71F8C67189A015200298DFA /* Release */,
			);
			defaultConfigurationIsVisible = 0;
			defaultConfigurationName = Release;
		};
		C71F8C68189A015200298DFA /* Build configuration list for PBXNativeTarget "IRLauncher" */ = {
			isa = XCConfigurationList;
			buildConfigurations = (
				C71F8C69189A015200298DFA /* Debug */,
				C71F8C6A189A015200298DFA /* Release */,
			);
			defaultConfigurationIsVisible = 0;
			defaultConfigurationName = Release;
		};
		C71F8C6B189A015200298DFA /* Build configuration list for PBXNativeTarget "IRLauncherTests" */ = {
			isa = XCConfigurationList;
			buildConfigurations = (
				C71F8C6C189A015200298DFA /* Debug */,
				C71F8C6D189A015200298DFA /* Release */,
			);
			defaultConfigurationIsVisible = 0;
			defaultConfigurationName = Release;
		};
/* End XCConfigurationList section */
	};
	rootObject = C71F8C2F189A015200298DFA /* Project object */;
}
